
Microsoft Visual Studio Solution File, Format Version 12.00
# Visual Studio Version 16
VisualStudioVersion = 16.0.29009.5
MinimumVisualStudioVersion = 10.0.40219.1
Project("{FAE04EC0-301F-11D3-BF4B-00C04F79EFBC}") = "MyApplication.Web", "MyApplication.Web\MyApplication.Web.csproj", "{DA6A67EC-6538-4FAB-B9E8-CDD955736FAD}"
EndProject
Global
	GlobalSection(SolutionConfigurationPlatforms) = preSolution
		Debug|Any CPU = Debug|Any CPU
		Release|Any CPU = Release|Any CPU
	EndGlobalSection
	GlobalSection(ProjectConfigurationPlatforms) = postSolution
		{DA6A67EC-6538-4FAB-B9E8-CDD955736FAD}.Debug|Any CPU.ActiveCfg = Debug|Any CPU
		{DA6A67EC-6538-4FAB-B9E8-CDD955736FAD}.Debug|Any CPU.Build.0 = Debug|Any CPU
		{DA6A67EC-6538-4FAB-B9E8-CDD955736FAD}.Release|Any CPU.ActiveCfg = Release|Any CPU
		{DA6A67EC-6538-4FAB-B9E8-CDD955736FAD}.Release|Any CPU.Build.0 = Release|Any CPU
	EndGlobalSection
	GlobalSection(SolutionProperties) = preSolution
		HideSolutionNode = FALSE
	EndGlobalSection
	GlobalSection(ExtensibilityGlobals) = postSolution
		SolutionGuid = {3EA2FC7C-3D2D-4B6E-851C-99ECF295B48D}
	EndGlobalSection
EndGlobal
